Microsoft Visual Studio Solution File, Format Version 12.00
# Visual Studio 15
Project("{2150E333-8FDC-42A3-9474-1A3956D46DE8}") = "CMakePredefinedTargets", "CMakePredefinedTargets", "{93C942A8-87B5-3F56-A188-B22E9512B525}"
EndProject
Project("{2150E333-8FDC-42A3-9474-1A3956D46DE8}") = "contrib", "contrib", "{F78B592B-F46C-3EF5-8473-12507FF28443}"
EndProject
Project("{2150E333-8FDC-42A3-9474-1A3956D46DE8}") = "examples", "examples", "{E5FE3148-078B-3C89-8E1F-ADDFBA31FBD4}"
EndProject
Project("{2150E333-8FDC-42A3-9474-1A3956D46DE8}") = "tests", "tests", "{C36BB5F8-7911-3FBC-9622-71C3ED46CEC2}"
EndProject
Project("{2150E333-8FDC-42A3-9474-1A3956D46DE8}") = "utilities", "utilities", "{667B5DCE-A974-3707-AFFC-217093AD85E8}"
EndProject
Project("{8BC9CEB8-8B4A-11D0-8D11-00A0C91BC942}") = "ALL_BUILD", "ALL_BUILD.vcxproj", "{1440057E-67E5-3A49-9DFB-7CF923E8CFF4}"
	ProjectSection(ProjectDependencies) = postProject
		{DDA80BA2-FD30-3CF3-8600-0FFF3C59288F} = {DDA80BA2-FD30-3CF3-8600-0FFF3C59288F}
		{A55CF07A-D211-3FAC-AA8F-29F2186BF344} = {A55CF07A-D211-3FAC-AA8F-29F2186BF344}
		{4E7484D3-BBC8-349C-8467-9C55BCCEA65F} = {4E7484D3-BBC8-349C-8467-9C55BCCEA65F}
		{4D23E01C-654C-3E37-BB41-61634E1BAE88} = {4D23E01C-654C-3E37-BB41-61634E1BAE88}
		{2665AC50-6F3D-3521-BE37-C23D6E464940} = {2665AC50-6F3D-3521-BE37-C23D6E464940}
		{031F269F-F0BC-3B8B-9B68-8E93146E1BCD} = {031F269F-F0BC-3B8B-9B68-8E93146E1BCD}
		{C2C6DBAF-DFA4-3220-87CF-E4428C87417F} = {C2C6DBAF-DFA4-3220-87CF-E4428C87417F}
		{4F5D83D9-273F-3D58-9929-FC4B6265EEC6} = {4F5D83D9-273F-3D58-9929-FC4B6265EEC6}
		{1FE8E257-AE97-3683-B74A-704BB867B89B} = {1FE8E257-AE97-3683-B74A-704BB867B89B}
		{C1FCAD5B-C4A8-3C55-BB39-EBF24464AEB5} = {C1FCAD5B-C4A8-3C55-BB39-EBF24464AEB5}
		{F334D2D9-67A2-3255-AD21-F53A5C5B8077} = {F334D2D9-67A2-3255-AD21-F53A5C5B8077}
		{AB6A55A6-6E8E-34B9-A56E-A1A440994CD5} = {AB6A55A6-6E8E-34B9-A56E-A1A440994CD5}
		{8F75DB4F-2A67-3DCF-8B8E-871409972464} = {8F75DB4F-2A67-3DCF-8B8E-871409972464}
		{0DA0DC3A-FDF7-321D-BAB3-8073981A08CD} = {0DA0DC3A-FDF7-321D-BAB3-8073981A08CD}
		{3DD27315-144E-3699-A4FF-4C99A41FF61E} = {3DD27315-144E-3699-A4FF-4C99A41FF61E}
		{45DA8748-83C7-3D56-A1D3-F3694FA2C434} = {45DA8748-83C7-3D56-A1D3-F3694FA2C434}
		{383343E8-F9AE-3839-9AE2-0C0382A6A4F1} = {383343E8-F9AE-3839-9AE2-0C0382A6A4F1}
		{A2316356-A85D-3FA4-B7D3-16726A1A8567} = {A2316356-A85D-3FA4-B7D3-16726A1A8567}
		{18E0A66B-FC6B-3083-B033-B62CC31472DA} = {18E0A66B-FC6B-3083-B033-B62CC31472DA}
		{35EEBCFD-DB21-3EFE-BD6C-E5D14DD8B934} = {35EEBCFD-DB21-3EFE-BD6C-E5D14DD8B934}
		{160AA073-5F48-31B1-B0FB-0D359797771D} = {160AA073-5F48-31B1-B0FB-0D359797771D}
		{EE06B2AB-3A82-3AAF-A591-FE7ABCAC26BE} = {EE06B2AB-3A82-3AAF-A591-FE7ABCAC26BE}
		{B23D6118-56A3-32C9-A8A2-C19F0B12A9E1} = {B23D6118-56A3-32C9-A8A2-C19F0B12A9E1}
	EndProjectSection
EndProject
Project("{8BC9CEB8-8B4A-11D0-8D11-00A0C91BC942}") = "INSTALL", "INSTALL.vcxproj", "{60537E94-F80B-35FF-99FF-DD8327DE7C4F}"
	ProjectSection(ProjectDependencies) = postProject
		{1440057E-67E5-3A49-9DFB-7CF923E8CFF4} = {1440057E-67E5-3A49-9DFB-7CF923E8CFF4}
		{4E7484D3-BBC8-349C-8467-9C55BCCEA65F} = {4E7484D3-BBC8-349C-8467-9C55BCCEA65F}
	EndProjectSection
EndProject
Project("{8BC9CEB8-8B4A-11D0-8D11-00A0C91BC942}") = "PACKAGE", "PACKAGE.vcxproj", "{D0664509-8329-30D5-BD07-11FE934198E8}"
	ProjectSection(ProjectDependencies) = postProject
		{1440057E-67E5-3A49-9DFB-7CF923E8CFF4} = {1440057E-67E5-3A49-9DFB-7CF923E8CFF4}
		{4E7484D3-BBC8-349C-8467-9C55BCCEA65F} = {4E7484D3-BBC8-349C-8467-9C55BCCEA65F}
	EndProjectSection
EndProject
Project("{8BC9CEB8-8B4A-11D0-8D11-00A0C91BC942}") = "SDL2-static", "contrib\SDL-mirror\SDL2-static.vcxproj", "{DDA80BA2-FD30-3CF3-8600-0FFF3C59288F}"
	ProjectSection(ProjectDependencies) = postProject
		{4E7484D3-BBC8-349C-8467-9C55BCCEA65F} = {4E7484D3-BBC8-349C-8467-9C55BCCEA65F}
	EndProjectSection
EndProject
Project("{8BC9CEB8-8B4A-11D0-8D11-00A0C91BC942}") = "SDL2main", "contrib\SDL-mirror\SDL2main.vcxproj", "{A55CF07A-D211-3FAC-AA8F-29F2186BF344}"
	ProjectSection(ProjectDependencies) = postProject
		{4E7484D3-BBC8-349C-8467-9C55BCCEA65F} = {4E7484D3-BBC8-349C-8467-9C55BCCEA65F}
	EndProjectSection
EndProject
Project("{8BC9CEB8-8B4A-11D0-8D11-00A0C91BC942}") = "ZERO_CHECK", "ZERO_CHECK.vcxproj", "{4E7484D3-BBC8-349C-8467-9C55BCCEA65F}"
	ProjectSection(ProjectDependencies) = postProject
	EndProjectSection
EndProject
Project("{8BC9CEB8-8B4A-11D0-8D11-00A0C91BC942}") = "all_tests", "tests\all_tests.vcxproj", "{4D23E01C-654C-3E37-BB41-61634E1BAE88}"
	ProjectSection(ProjectDependencies) = postProject
		{4E7484D3-BBC8-349C-8467-9C55BCCEA65F} = {4E7484D3-BBC8-349C-8467-9C55BCCEA65F}
		{1FE8E257-AE97-3683-B74A-704BB867B89B} = {1FE8E257-AE97-3683-B74A-704BB867B89B}
		{8F75DB4F-2A67-3DCF-8B8E-871409972464} = {8F75DB4F-2A67-3DCF-8B8E-871409972464}
		{A2316356-A85D-3FA4-B7D3-16726A1A8567} = {A2316356-A85D-3FA4-B7D3-16726A1A8567}
		{18E0A66B-FC6B-3083-B033-B62CC31472DA} = {18E0A66B-FC6B-3083-B033-B62CC31472DA}
		{35EEBCFD-DB21-3EFE-BD6C-E5D14DD8B934} = {35EEBCFD-DB21-3EFE-BD6C-E5D14DD8B934}
		{EE06B2AB-3A82-3AAF-A591-FE7ABCAC26BE} = {EE06B2AB-3A82-3AAF-A591-FE7ABCAC26BE}
	EndProjectSection
EndProject
Project("{8BC9CEB8-8B4A-11D0-8D11-00A0C91BC942}") = "annoying_helper", "examples\annoying_helper.vcxproj", "{2665AC50-6F3D-3521-BE37-C23D6E464940}"
	ProjectSection(ProjectDependencies) = postProject
		{4E7484D3-BBC8-349C-8467-9C55BCCEA65F} = {4E7484D3-BBC8-349C-8467-9C55BCCEA65F}
		{1FE8E257-AE97-3683-B74A-704BB867B89B} = {1FE8E257-AE97-3683-B74A-704BB867B89B}
		{8F75DB4F-2A67-3DCF-8B8E-871409972464} = {8F75DB4F-2A67-3DCF-8B8E-871409972464}
		{A2316356-A85D-3FA4-B7D3-16726A1A8567} = {A2316356-A85D-3FA4-B7D3-16726A1A8567}
		{18E0A66B-FC6B-3083-B033-B62CC31472DA} = {18E0A66B-FC6B-3083-B033-B62CC31472DA}
		{35EEBCFD-DB21-3EFE-BD6C-E5D14DD8B934} = {35EEBCFD-DB21-3EFE-BD6C-E5D14DD8B934}
		{EE06B2AB-3A82-3AAF-A591-FE7ABCAC26BE} = {EE06B2AB-3A82-3AAF-A591-FE7ABCAC26BE}
	EndProjectSection
EndProject
Project("{8BC9CEB8-8B4A-11D0-8D11-00A0C91BC942}") = "bot_micro", "examples\bot_micro.vcxproj", "{031F269F-F0BC-3B8B-9B68-8E93146E1BCD}"
	ProjectSection(ProjectDependencies) = postProject
		{4E7484D3-BBC8-349C-8467-9C55BCCEA65F} = {4E7484D3-BBC8-349C-8467-9C55BCCEA65F}
		{1FE8E257-AE97-3683-B74A-704BB867B89B} = {1FE8E257-AE97-3683-B74A-704BB867B89B}
		{8F75DB4F-2A67-3DCF-8B8E-871409972464} = {8F75DB4F-2A67-3DCF-8B8E-871409972464}
		{A2316356-A85D-3FA4-B7D3-16726A1A8567} = {A2316356-A85D-3FA4-B7D3-16726A1A8567}
		{18E0A66B-FC6B-3083-B033-B62CC31472DA} = {18E0A66B-FC6B-3083-B033-B62CC31472DA}
		{35EEBCFD-DB21-3EFE-BD6C-E5D14DD8B934} = {35EEBCFD-DB21-3EFE-BD6C-E5D14DD8B934}
		{EE06B2AB-3A82-3AAF-A591-FE7ABCAC26BE} = {EE06B2AB-3A82-3AAF-A591-FE7ABCAC26BE}
	EndProjectSection
EndProject
Project("{8BC9CEB8-8B4A-11D0-8D11-00A0C91BC942}") = "bot_mp", "examples\bot_mp.vcxproj", "{C2C6DBAF-DFA4-3220-87CF-E4428C87417F}"
	ProjectSection(ProjectDependencies) = postProject
		{4E7484D3-BBC8-349C-8467-9C55BCCEA65F} = {4E7484D3-BBC8-349C-8467-9C55BCCEA65F}
		{1FE8E257-AE97-3683-B74A-704BB867B89B} = {1FE8E257-AE97-3683-B74A-704BB867B89B}
		{8F75DB4F-2A67-3DCF-8B8E-871409972464} = {8F75DB4F-2A67-3DCF-8B8E-871409972464}
		{A2316356-A85D-3FA4-B7D3-16726A1A8567} = {A2316356-A85D-3FA4-B7D3-16726A1A8567}
		{18E0A66B-FC6B-3083-B033-B62CC31472DA} = {18E0A66B-FC6B-3083-B033-B62CC31472DA}
		{35EEBCFD-DB21-3EFE-BD6C-E5D14DD8B934} = {35EEBCFD-DB21-3EFE-BD6C-E5D14DD8B934}
		{EE06B2AB-3A82-3AAF-A591-FE7ABCAC26BE} = {EE06B2AB-3A82-3AAF-A591-FE7ABCAC26BE}
	EndProjectSection
EndProject
Project("{8BC9CEB8-8B4A-11D0-8D11-00A0C91BC942}") = "bot_simple", "examples\bot_simple.vcxproj", "{4F5D83D9-273F-3D58-9929-FC4B6265EEC6}"
	ProjectSection(ProjectDependencies) = postProject
		{4E7484D3-BBC8-349C-8467-9C55BCCEA65F} = {4E7484D3-BBC8-349C-8467-9C55BCCEA65F}
		{1FE8E257-AE97-3683-B74A-704BB867B89B} = {1FE8E257-AE97-3683-B74A-704BB867B89B}
		{8F75DB4F-2A67-3DCF-8B8E-871409972464} = {8F75DB4F-2A67-3DCF-8B8E-871409972464}
		{A2316356-A85D-3FA4-B7D3-16726A1A8567} = {A2316356-A85D-3FA4-B7D3-16726A1A8567}
		{18E0A66B-FC6B-3083-B033-B62CC31472DA} = {18E0A66B-FC6B-3083-B033-B62CC31472DA}
		{35EEBCFD-DB21-3EFE-BD6C-E5D14DD8B934} = {35EEBCFD-DB21-3EFE-BD6C-E5D14DD8B934}
		{EE06B2AB-3A82-3AAF-A591-FE7ABCAC26BE} = {EE06B2AB-3A82-3AAF-A591-FE7ABCAC26BE}
	EndProjectSection
EndProject
Project("{8BC9CEB8-8B4A-11D0-8D11-00A0C91BC942}") = "c-executable", "contrib\civetweb\src\c-executable.vcxproj", "{44F911FB-61C6-31B8-AAE4-85744E093999}"
	ProjectSection(ProjectDependencies) = postProject
		{4E7484D3-BBC8-349C-8467-9C55BCCEA65F} = {4E7484D3-BBC8-349C-8467-9C55BCCEA65F}
		{1FE8E257-AE97-3683-B74A-704BB867B89B} = {1FE8E257-AE97-3683-B74A-704BB867B89B}
	EndProjectSection
EndProject
Project("{8BC9CEB8-8B4A-11D0-8D11-00A0C91BC942}") = "c-library", "contrib\civetweb\src\c-library.vcxproj", "{1FE8E257-AE97-3683-B74A-704BB867B89B}"
	ProjectSection(ProjectDependencies) = postProject
		{4E7484D3-BBC8-349C-8467-9C55BCCEA65F} = {4E7484D3-BBC8-349C-8467-9C55BCCEA65F}
	EndProjectSection
EndProject
Project("{8BC9CEB8-8B4A-11D0-8D11-00A0C91BC942}") = "echo_actions", "examples\echo_actions.vcxproj", "{C1FCAD5B-C4A8-3C55-BB39-EBF24464AEB5}"
	ProjectSection(ProjectDependencies) = postProject
		{4E7484D3-BBC8-349C-8467-9C55BCCEA65F} = {4E7484D3-BBC8-349C-8467-9C55BCCEA65F}
		{1FE8E257-AE97-3683-B74A-704BB867B89B} = {1FE8E257-AE97-3683-B74A-704BB867B89B}
		{8F75DB4F-2A67-3DCF-8B8E-871409972464} = {8F75DB4F-2A67-3DCF-8B8E-871409972464}
		{A2316356-A85D-3FA4-B7D3-16726A1A8567} = {A2316356-A85D-3FA4-B7D3-16726A1A8567}
		{35EEBCFD-DB21-3EFE-BD6C-E5D14DD8B934} = {35EEBCFD-DB21-3EFE-BD6C-E5D14DD8B934}
		{EE06B2AB-3A82-3AAF-A591-FE7ABCAC26BE} = {EE06B2AB-3A82-3AAF-A591-FE7ABCAC26BE}
	EndProjectSection
EndProject
Project("{8BC9CEB8-8B4A-11D0-8D11-00A0C91BC942}") = "feature_layers", "examples\feature_layers.vcxproj", "{F334D2D9-67A2-3255-AD21-F53A5C5B8077}"
	ProjectSection(ProjectDependencies) = postProject
		{DDA80BA2-FD30-3CF3-8600-0FFF3C59288F} = {DDA80BA2-FD30-3CF3-8600-0FFF3C59288F}
		{4E7484D3-BBC8-349C-8467-9C55BCCEA65F} = {4E7484D3-BBC8-349C-8467-9C55BCCEA65F}
		{1FE8E257-AE97-3683-B74A-704BB867B89B} = {1FE8E257-AE97-3683-B74A-704BB867B89B}
		{8F75DB4F-2A67-3DCF-8B8E-871409972464} = {8F75DB4F-2A67-3DCF-8B8E-871409972464}
		{A2316356-A85D-3FA4-B7D3-16726A1A8567} = {A2316356-A85D-3FA4-B7D3-16726A1A8567}
		{35EEBCFD-DB21-3EFE-BD6C-E5D14DD8B934} = {35EEBCFD-DB21-3EFE-BD6C-E5D14DD8B934}
		{160AA073-5F48-31B1-B0FB-0D359797771D} = {160AA073-5F48-31B1-B0FB-0D359797771D}
		{EE06B2AB-3A82-3AAF-A591-FE7ABCAC26BE} = {EE06B2AB-3A82-3AAF-A591-FE7ABCAC26BE}
	EndProjectSection
EndProject
Project("{8BC9CEB8-8B4A-11D0-8D11-00A0C91BC942}") = "intermediate_bot", "examples\intermediate_bot.vcxproj", "{AB6A55A6-6E8E-34B9-A56E-A1A440994CD5}"
	ProjectSection(ProjectDependencies) = postProject
		{4E7484D3-BBC8-349C-8467-9C55BCCEA65F} = {4E7484D3-BBC8-349C-8467-9C55BCCEA65F}
		{1FE8E257-AE97-3683-B74A-704BB867B89B} = {1FE8E257-AE97-3683-B74A-704BB867B89B}
		{8F75DB4F-2A67-3DCF-8B8E-871409972464} = {8F75DB4F-2A67-3DCF-8B8E-871409972464}
		{A2316356-A85D-3FA4-B7D3-16726A1A8567} = {A2316356-A85D-3FA4-B7D3-16726A1A8567}
		{18E0A66B-FC6B-3083-B033-B62CC31472DA} = {18E0A66B-FC6B-3083-B033-B62CC31472DA}
		{35EEBCFD-DB21-3EFE-BD6C-E5D14DD8B934} = {35EEBCFD-DB21-3EFE-BD6C-E5D14DD8B934}
		{EE06B2AB-3A82-3AAF-A591-FE7ABCAC26BE} = {EE06B2AB-3A82-3AAF-A591-FE7ABCAC26BE}
	EndProjectSection
EndProject
Project("{8BC9CEB8-8B4A-11D0-8D11-00A0C91BC942}") = "libprotobuf", "contrib\protobuf\cmake\libprotobuf.vcxproj", "{8F75DB4F-2A67-3DCF-8B8E-871409972464}"
	ProjectSection(ProjectDependencies) = postProject
		{4E7484D3-BBC8-349C-8467-9C55BCCEA65F} = {4E7484D3-BBC8-349C-8467-9C55BCCEA65F}
	EndProjectSection
EndProject
Project("{8BC9CEB8-8B4A-11D0-8D11-00A0C91BC942}") = "libprotobuf-lite", "contrib\protobuf\cmake\libprotobuf-lite.vcxproj", "{0DA0DC3A-FDF7-321D-BAB3-8073981A08CD}"
	ProjectSection(ProjectDependencies) = postProject
		{4E7484D3-BBC8-349C-8467-9C55BCCEA65F} = {4E7484D3-BBC8-349C-8467-9C55BCCEA65F}
	EndProjectSection
EndProject
Project("{8BC9CEB8-8B4A-11D0-8D11-00A0C91BC942}") = "libprotoc", "contrib\protobuf\cmake\libprotoc.vcxproj", "{3DD27315-144E-3699-A4FF-4C99A41FF61E}"
	ProjectSection(ProjectDependencies) = postProject
		{4E7484D3-BBC8-349C-8467-9C55BCCEA65F} = {4E7484D3-BBC8-349C-8467-9C55BCCEA65F}
		{8F75DB4F-2A67-3DCF-8B8E-871409972464} = {8F75DB4F-2A67-3DCF-8B8E-871409972464}
	EndProjectSection
EndProject
Project("{8BC9CEB8-8B4A-11D0-8D11-00A0C91BC942}") = "protoc", "contrib\protobuf\cmake\protoc.vcxproj", "{45DA8748-83C7-3D56-A1D3-F3694FA2C434}"
	ProjectSection(ProjectDependencies) = postProject
		{4E7484D3-BBC8-349C-8467-9C55BCCEA65F} = {4E7484D3-BBC8-349C-8467-9C55BCCEA65F}
		{8F75DB4F-2A67-3DCF-8B8E-871409972464} = {8F75DB4F-2A67-3DCF-8B8E-871409972464}
		{3DD27315-144E-3699-A4FF-4C99A41FF61E} = {3DD27315-144E-3699-A4FF-4C99A41FF61E}
	EndProjectSection
EndProject
Project("{8BC9CEB8-8B4A-11D0-8D11-00A0C91BC942}") = "replay", "examples\replay.vcxproj", "{383343E8-F9AE-3839-9AE2-0C0382A6A4F1}"
	ProjectSection(ProjectDependencies) = postProject
		{4E7484D3-BBC8-349C-8467-9C55BCCEA65F} = {4E7484D3-BBC8-349C-8467-9C55BCCEA65F}
		{1FE8E257-AE97-3683-B74A-704BB867B89B} = {1FE8E257-AE97-3683-B74A-704BB867B89B}
		{8F75DB4F-2A67-3DCF-8B8E-871409972464} = {8F75DB4F-2A67-3DCF-8B8E-871409972464}
		{A2316356-A85D-3FA4-B7D3-16726A1A8567} = {A2316356-A85D-3FA4-B7D3-16726A1A8567}
		{35EEBCFD-DB21-3EFE-BD6C-E5D14DD8B934} = {35EEBCFD-DB21-3EFE-BD6C-E5D14DD8B934}
		{EE06B2AB-3A82-3AAF-A591-FE7ABCAC26BE} = {EE06B2AB-3A82-3AAF-A591-FE7ABCAC26BE}
	EndProjectSection
EndProject
Project("{8BC9CEB8-8B4A-11D0-8D11-00A0C91BC942}") = "sc2api", "src\sc2api.vcxproj", "{A2316356-A85D-3FA4-B7D3-16726A1A8567}"
	ProjectSection(ProjectDependencies) = postProject
		{4E7484D3-BBC8-349C-8467-9C55BCCEA65F} = {4E7484D3-BBC8-349C-8467-9C55BCCEA65F}
		{1FE8E257-AE97-3683-B74A-704BB867B89B} = {1FE8E257-AE97-3683-B74A-704BB867B89B}
		{8F75DB4F-2A67-3DCF-8B8E-871409972464} = {8F75DB4F-2A67-3DCF-8B8E-871409972464}
		{35EEBCFD-DB21-3EFE-BD6C-E5D14DD8B934} = {35EEBCFD-DB21-3EFE-BD6C-E5D14DD8B934}
	EndProjectSection
EndProject
Project("{8BC9CEB8-8B4A-11D0-8D11-00A0C91BC942}") = "sc2lib", "src\sc2lib.vcxproj", "{18E0A66B-FC6B-3083-B033-B62CC31472DA}"
	ProjectSection(ProjectDependencies) = postProject
		{4E7484D3-BBC8-349C-8467-9C55BCCEA65F} = {4E7484D3-BBC8-349C-8467-9C55BCCEA65F}
		{1FE8E257-AE97-3683-B74A-704BB867B89B} = {1FE8E257-AE97-3683-B74A-704BB867B89B}
		{8F75DB4F-2A67-3DCF-8B8E-871409972464} = {8F75DB4F-2A67-3DCF-8B8E-871409972464}
		{A2316356-A85D-3FA4-B7D3-16726A1A8567} = {A2316356-A85D-3FA4-B7D3-16726A1A8567}
		{35EEBCFD-DB21-3EFE-BD6C-E5D14DD8B934} = {35EEBCFD-DB21-3EFE-BD6C-E5D14DD8B934}
	EndProjectSection
EndProject
Project("{8BC9CEB8-8B4A-11D0-8D11-00A0C91BC942}") = "sc2protocol", "src\sc2protocol.vcxproj", "{35EEBCFD-DB21-3EFE-BD6C-E5D14DD8B934}"
	ProjectSection(ProjectDependencies) = postProject
		{4E7484D3-BBC8-349C-8467-9C55BCCEA65F} = {4E7484D3-BBC8-349C-8467-9C55BCCEA65F}
		{8F75DB4F-2A67-3DCF-8B8E-871409972464} = {8F75DB4F-2A67-3DCF-8B8E-871409972464}
		{45DA8748-83C7-3D56-A1D3-F3694FA2C434} = {45DA8748-83C7-3D56-A1D3-F3694FA2C434}
	EndProjectSection
EndProject
Project("{8BC9CEB8-8B4A-11D0-8D11-00A0C91BC942}") = "sc2renderer", "src\sc2renderer.vcxproj", "{160AA073-5F48-31B1-B0FB-0D359797771D}"
	ProjectSection(ProjectDependencies) = postProject
		{DDA80BA2-FD30-3CF3-8600-0FFF3C59288F} = {DDA80BA2-FD30-3CF3-8600-0FFF3C59288F}
		{4E7484D3-BBC8-349C-8467-9C55BCCEA65F} = {4E7484D3-BBC8-349C-8467-9C55BCCEA65F}
	EndProjectSection
EndProject
Project("{8BC9CEB8-8B4A-11D0-8D11-00A0C91BC942}") = "sc2utils", "src\sc2utils.vcxproj", "{EE06B2AB-3A82-3AAF-A591-FE7ABCAC26BE}"
	ProjectSection(ProjectDependencies) = postProject
		{4E7484D3-BBC8-349C-8467-9C55BCCEA65F} = {4E7484D3-BBC8-349C-8467-9C55BCCEA65F}
	EndProjectSection
EndProject
Project("{8BC9CEB8-8B4A-11D0-8D11-00A0C91BC942}") = "tutorial", "examples\tutorial.vcxproj", "{B23D6118-56A3-32C9-A8A2-C19F0B12A9E1}"
	ProjectSection(ProjectDependencies) = postProject
		{4E7484D3-BBC8-349C-8467-9C55BCCEA65F} = {4E7484D3-BBC8-349C-8467-9C55BCCEA65F}
		{1FE8E257-AE97-3683-B74A-704BB867B89B} = {1FE8E257-AE97-3683-B74A-704BB867B89B}
		{8F75DB4F-2A67-3DCF-8B8E-871409972464} = {8F75DB4F-2A67-3DCF-8B8E-871409972464}
		{A2316356-A85D-3FA4-B7D3-16726A1A8567} = {A2316356-A85D-3FA4-B7D3-16726A1A8567}
		{35EEBCFD-DB21-3EFE-BD6C-E5D14DD8B934} = {35EEBCFD-DB21-3EFE-BD6C-E5D14DD8B934}
		{EE06B2AB-3A82-3AAF-A591-FE7ABCAC26BE} = {EE06B2AB-3A82-3AAF-A591-FE7ABCAC26BE}
	EndProjectSection
EndProject
Project("{8BC9CEB8-8B4A-11D0-8D11-00A0C91BC942}") = "uninstall", "contrib\SDL-mirror\uninstall.vcxproj", "{2DC39413-5FF6-3091-9DE0-16408C682915}"
	ProjectSection(ProjectDependencies) = postProject
		{4E7484D3-BBC8-349C-8467-9C55BCCEA65F} = {4E7484D3-BBC8-349C-8467-9C55BCCEA65F}
	EndProjectSection
EndProject
Global
	GlobalSection(SolutionConfigurationPlatforms) = preSolution
		Debug|x64 = Debug|x64
		Release|x64 = Release|x64
		MinSizeRel|x64 = MinSizeRel|x64
		RelWithDebInfo|x64 = RelWithDebInfo|x64
	EndGlobalSection
	GlobalSection(ProjectConfigurationPlatforms) = postSolution
		{1440057E-67E5-3A49-9DFB-7CF923E8CFF4}.Debug|x64.ActiveCfg = Debug|x64
		{1440057E-67E5-3A49-9DFB-7CF923E8CFF4}.Debug|x64.Build.0 = Debug|x64
		{1440057E-67E5-3A49-9DFB-7CF923E8CFF4}.Release|x64.ActiveCfg = Release|x64
		{1440057E-67E5-3A49-9DFB-7CF923E8CFF4}.Release|x64.Build.0 = Release|x64
		{1440057E-67E5-3A49-9DFB-7CF923E8CFF4}.MinSizeRel|x64.ActiveCfg = MinSizeRel|x64
		{1440057E-67E5-3A49-9DFB-7CF923E8CFF4}.MinSizeRel|x64.Build.0 = MinSizeRel|x64
		{1440057E-67E5-3A49-9DFB-7CF923E8CFF4}.RelWithDebInfo|x64.ActiveCfg = RelWithDebInfo|x64
		{1440057E-67E5-3A49-9DFB-7CF923E8CFF4}.RelWithDebInfo|x64.Build.0 = RelWithDebInfo|x64
		{60537E94-F80B-35FF-99FF-DD8327DE7C4F}.Debug|x64.ActiveCfg = Debug|x64
		{60537E94-F80B-35FF-99FF-DD8327DE7C4F}.Release|x64.ActiveCfg = Release|x64
		{60537E94-F80B-35FF-99FF-DD8327DE7C4F}.MinSizeRel|x64.ActiveCfg = MinSizeRel|x64
		{60537E94-F80B-35FF-99FF-DD8327DE7C4F}.RelWithDebInfo|x64.ActiveCfg = RelWithDebInfo|x64
		{D0664509-8329-30D5-BD07-11FE934198E8}.Debug|x64.ActiveCfg = Debug|x64
		{D0664509-8329-30D5-BD07-11FE934198E8}.Release|x64.ActiveCfg = Release|x64
		{D0664509-8329-30D5-BD07-11FE934198E8}.MinSizeRel|x64.ActiveCfg = MinSizeRel|x64
		{D0664509-8329-30D5-BD07-11FE934198E8}.RelWithDebInfo|x64.ActiveCfg = RelWithDebInfo|x64
		{DDA80BA2-FD30-3CF3-8600-0FFF3C59288F}.Debug|x64.ActiveCfg = Debug|x64
		{DDA80BA2-FD30-3CF3-8600-0FFF3C59288F}.Debug|x64.Build.0 = Debug|x64
		{DDA80BA2-FD30-3CF3-8600-0FFF3C59288F}.Release|x64.ActiveCfg = Release|x64
		{DDA80BA2-FD30-3CF3-8600-0FFF3C59288F}.Release|x64.Build.0 = Release|x64
		{DDA80BA2-FD30-3CF3-8600-0FFF3C59288F}.MinSizeRel|x64.ActiveCfg = MinSizeRel|x64
		{DDA80BA2-FD30-3CF3-8600-0FFF3C59288F}.MinSizeRel|x64.Build.0 = MinSizeRel|x64
		{DDA80BA2-FD30-3CF3-8600-0FFF3C59288F}.RelWithDebInfo|x64.ActiveCfg = RelWithDebInfo|x64
		{DDA80BA2-FD30-3CF3-8600-0FFF3C59288F}.RelWithDebInfo|x64.Build.0 = RelWithDebInfo|x64
		{A55CF07A-D211-3FAC-AA8F-29F2186BF344}.Debug|x64.ActiveCfg = Debug|x64
		{A55CF07A-D211-3FAC-AA8F-29F2186BF344}.Debug|x64.Build.0 = Debug|x64
		{A55CF07A-D211-3FAC-AA8F-29F2186BF344}.Release|x64.ActiveCfg = Release|x64
		{A55CF07A-D211-3FAC-AA8F-29F2186BF344}.Release|x64.Build.0 = Release|x64
		{A55CF07A-D211-3FAC-AA8F-29F2186BF344}.MinSizeRel|x64.ActiveCfg = MinSizeRel|x64
		{A55CF07A-D211-3FAC-AA8F-29F2186BF344}.MinSizeRel|x64.Build.0 = MinSizeRel|x64
		{A55CF07A-D211-3FAC-AA8F-29F2186BF344}.RelWithDebInfo|x64.ActiveCfg = RelWithDebInfo|x64
		{A55CF07A-D211-3FAC-AA8F-29F2186BF344}.RelWithDebInfo|x64.Build.0 = RelWithDebInfo|x64
		{4E7484D3-BBC8-349C-8467-9C55BCCEA65F}.Debug|x64.ActiveCfg = Debug|x64
		{4E7484D3-BBC8-349C-8467-9C55BCCEA65F}.Debug|x64.Build.0 = Debug|x64
		{4E7484D3-BBC8-349C-8467-9C55BCCEA65F}.Release|x64.ActiveCfg = Release|x64
		{4E7484D3-BBC8-349C-8467-9C55BCCEA65F}.Release|x64.Build.0 = Release|x64
		{4E7484D3-BBC8-349C-8467-9C55BCCEA65F}.MinSizeRel|x64.ActiveCfg = MinSizeRel|x64
		{4E7484D3-BBC8-349C-8467-9C55BCCEA65F}.MinSizeRel|x64.Build.0 = MinSizeRel|x64
		{4E7484D3-BBC8-349C-8467-9C55BCCEA65F}.RelWithDebInfo|x64.ActiveCfg = RelWithDebInfo|x64
		{4E7484D3-BBC8-349C-8467-9C55BCCEA65F}.RelWithDebInfo|x64.Build.0 = RelWithDebInfo|x64
		{4D23E01C-654C-3E37-BB41-61634E1BAE88}.Debug|x64.ActiveCfg = Debug|x64
		{4D23E01C-654C-3E37-BB41-61634E1BAE88}.Debug|x64.Build.0 = Debug|x64
		{4D23E01C-654C-3E37-BB41-61634E1BAE88}.Release|x64.ActiveCfg = Release|x64
		{4D23E01C-654C-3E37-BB41-61634E1BAE88}.Release|x64.Build.0 = Release|x64
		{4D23E01C-654C-3E37-BB41-61634E1BAE88}.MinSizeRel|x64.ActiveCfg = MinSizeRel|x64
		{4D23E01C-654C-3E37-BB41-61634E1BAE88}.MinSizeRel|x64.Build.0 = MinSizeRel|x64
		{4D23E01C-654C-3E37-BB41-61634E1BAE88}.RelWithDebInfo|x64.ActiveCfg = RelWithDebInfo|x64
		{4D23E01C-654C-3E37-BB41-61634E1BAE88}.RelWithDebInfo|x64.Build.0 = RelWithDebInfo|x64
		{2665AC50-6F3D-3521-BE37-C23D6E464940}.Debug|x64.ActiveCfg = Debug|x64
		{2665AC50-6F3D-3521-BE37-C23D6E464940}.Debug|x64.Build.0 = Debug|x64
		{2665AC50-6F3D-3521-BE37-C23D6E464940}.Release|x64.ActiveCfg = Release|x64
		{2665AC50-6F3D-3521-BE37-C23D6E464940}.Release|x64.Build.0 = Release|x64
		{2665AC50-6F3D-3521-BE37-C23D6E464940}.MinSizeRel|x64.ActiveCfg = MinSizeRel|x64
		{2665AC50-6F3D-3521-BE37-C23D6E464940}.MinSizeRel|x64.Build.0 = MinSizeRel|x64
		{2665AC50-6F3D-3521-BE37-C23D6E464940}.RelWithDebInfo|x64.ActiveCfg = RelWithDebInfo|x64
		{2665AC50-6F3D-3521-BE37-C23D6E464940}.RelWithDebInfo|x64.Build.0 = RelWithDebInfo|x64
		{031F269F-F0BC-3B8B-9B68-8E93146E1BCD}.Debug|x64.ActiveCfg = Debug|x64
		{031F269F-F0BC-3B8B-9B68-8E93146E1BCD}.Debug|x64.Build.0 = Debug|x64
		{031F269F-F0BC-3B8B-9B68-8E93146E1BCD}.Release|x64.ActiveCfg = Release|x64
		{031F269F-F0BC-3B8B-9B68-8E93146E1BCD}.Release|x64.Build.0 = Release|x64
		{031F269F-F0BC-3B8B-9B68-8E93146E1BCD}.MinSizeRel|x64.ActiveCfg = MinSizeRel|x64
		{031F269F-F0BC-3B8B-9B68-8E93146E1BCD}.MinSizeRel|x64.Build.0 = MinSizeRel|x64
		{031F269F-F0BC-3B8B-9B68-8E93146E1BCD}.RelWithDebInfo|x64.ActiveCfg = RelWithDebInfo|x64
		{031F269F-F0BC-3B8B-9B68-8E93146E1BCD}.RelWithDebInfo|x64.Build.0 = RelWithDebInfo|x64
		{C2C6DBAF-DFA4-3220-87CF-E4428C87417F}.Debug|x64.ActiveCfg = Debug|x64
		{C2C6DBAF-DFA4-3220-87CF-E4428C87417F}.Debug|x64.Build.0 = Debug|x64
		{C2C6DBAF-DFA4-3220-87CF-E4428C87417F}.Release|x64.ActiveCfg = Release|x64
		{C2C6DBAF-DFA4-3220-87CF-E4428C87417F}.Release|x64.Build.0 = Release|x64
		{C2C6DBAF-DFA4-3220-87CF-E4428C87417F}.MinSizeRel|x64.ActiveCfg = MinSizeRel|x64
		{C2C6DBAF-DFA4-3220-87CF-E4428C87417F}.MinSizeRel|x64.Build.0 = MinSizeRel|x64
		{C2C6DBAF-DFA4-3220-87CF-E4428C87417F}.RelWithDebInfo|x64.ActiveCfg = RelWithDebInfo|x64
		{C2C6DBAF-DFA4-3220-87CF-E4428C87417F}.RelWithDebInfo|x64.Build.0 = RelWithDebInfo|x64
		{4F5D83D9-273F-3D58-9929-FC4B6265EEC6}.Debug|x64.ActiveCfg = Debug|x64
		{4F5D83D9-273F-3D58-9929-FC4B6265EEC6}.Debug|x64.Build.0 = Debug|x64
		{4F5D83D9-273F-3D58-9929-FC4B6265EEC6}.Release|x64.ActiveCfg = Release|x64
		{4F5D83D9-273F-3D58-9929-FC4B6265EEC6}.Release|x64.Build.0 = Release|x64
		{4F5D83D9-273F-3D58-9929-FC4B6265EEC6}.MinSizeRel|x64.ActiveCfg = MinSizeRel|x64
		{4F5D83D9-273F-3D58-9929-FC4B6265EEC6}.MinSizeRel|x64.Build.0 = MinSizeRel|x64
		{4F5D83D9-273F-3D58-9929-FC4B6265EEC6}.RelWithDebInfo|x64.ActiveCfg = RelWithDebInfo|x64
		{4F5D83D9-273F-3D58-9929-FC4B6265EEC6}.RelWithDebInfo|x64.Build.0 = RelWithDebInfo|x64
		{44F911FB-61C6-31B8-AAE4-85744E093999}.Debug|x64.ActiveCfg = Debug|x64
		{44F911FB-61C6-31B8-AAE4-85744E093999}.Release|x64.ActiveCfg = Release|x64
		{44F911FB-61C6-31B8-AAE4-85744E093999}.MinSizeRel|x64.ActiveCfg = MinSizeRel|x64
		{44F911FB-61C6-31B8-AAE4-85744E093999}.RelWithDebInfo|x64.ActiveCfg = RelWithDebInfo|x64
		{1FE8E257-AE97-3683-B74A-704BB867B89B}.Debug|x64.ActiveCfg = Debug|x64
		{1FE8E257-AE97-3683-B74A-704BB867B89B}.Debug|x64.Build.0 = Debug|x64
		{1FE8E257-AE97-3683-B74A-704BB867B89B}.Release|x64.ActiveCfg = Release|x64
		{1FE8E257-AE97-3683-B74A-704BB867B89B}.Release|x64.Build.0 = Release|x64
		{1FE8E257-AE97-3683-B74A-704BB867B89B}.MinSizeRel|x64.ActiveCfg = MinSizeRel|x64
		{1FE8E257-AE97-3683-B74A-704BB867B89B}.MinSizeRel|x64.Build.0 = MinSizeRel|x64
		{1FE8E257-AE97-3683-B74A-704BB867B89B}.RelWithDebInfo|x64.ActiveCfg = RelWithDebInfo|x64
		{1FE8E257-AE97-3683-B74A-704BB867B89B}.RelWithDebInfo|x64.Build.0 = RelWithDebInfo|x64
		{C1FCAD5B-C4A8-3C55-BB39-EBF24464AEB5}.Debug|x64.ActiveCfg = Debug|x64
		{C1FCAD5B-C4A8-3C55-BB39-EBF24464AEB5}.Debug|x64.Build.0 = Debug|x64
		{C1FCAD5B-C4A8-3C55-BB39-EBF24464AEB5}.Release|x64.ActiveCfg = Release|x64
		{C1FCAD5B-C4A8-3C55-BB39-EBF24464AEB5}.Release|x64.Build.0 = Release|x64
		{C1FCAD5B-C4A8-3C55-BB39-EBF24464AEB5}.MinSizeRel|x64.ActiveCfg = MinSizeRel|x64
		{C1FCAD5B-C4A8-3C55-BB39-EBF24464AEB5}.MinSizeRel|x64.Build.0 = MinSizeRel|x64
		{C1FCAD5B-C4A8-3C55-BB39-EBF24464AEB5}.RelWithDebInfo|x64.ActiveCfg = RelWithDebInfo|x64
		{C1FCAD5B-C4A8-3C55-BB39-EBF24464AEB5}.RelWithDebInfo|x64.Build.0 = RelWithDebInfo|x64
		{F334D2D9-67A2-3255-AD21-F53A5C5B8077}.Debug|x64.ActiveCfg = Debug|x64
		{F334D2D9-67A2-3255-AD21-F53A5C5B8077}.Debug|x64.Build.0 = Debug|x64
		{F334D2D9-67A2-3255-AD21-F53A5C5B8077}.Release|x64.ActiveCfg = Release|x64
		{F334D2D9-67A2-3255-AD21-F53A5C5B8077}.Release|x64.Build.0 = Release|x64
		{F334D2D9-67A2-3255-AD21-F53A5C5B8077}.MinSizeRel|x64.ActiveCfg = MinSizeRel|x64
		{F334D2D9-67A2-3255-AD21-F53A5C5B8077}.MinSizeRel|x64.Build.0 = MinSizeRel|x64
		{F334D2D9-67A2-3255-AD21-F53A5C5B8077}.RelWithDebInfo|x64.ActiveCfg = RelWithDebInfo|x64
		{F334D2D9-67A2-3255-AD21-F53A5C5B8077}.RelWithDebInfo|x64.Build.0 = RelWithDebInfo|x64
		{AB6A55A6-6E8E-34B9-A56E-A1A440994CD5}.Debug|x64.ActiveCfg = Debug|x64
		{AB6A55A6-6E8E-34B9-A56E-A1A440994CD5}.Debug|x64.Build.0 = Debug|x64
		{AB6A55A6-6E8E-34B9-A56E-A1A440994CD5}.Release|x64.ActiveCfg = Release|x64
		{AB6A55A6-6E8E-34B9-A56E-A1A440994CD5}.Release|x64.Build.0 = Release|x64
		{AB6A55A6-6E8E-34B9-A56E-A1A440994CD5}.MinSizeRel|x64.ActiveCfg = MinSizeRel|x64
		{AB6A55A6-6E8E-34B9-A56E-A1A440994CD5}.MinSizeRel|x64.Build.0 = MinSizeRel|x64
		{AB6A55A6-6E8E-34B9-A56E-A1A440994CD5}.RelWithDebInfo|x64.ActiveCfg = RelWithDebInfo|x64
		{AB6A55A6-6E8E-34B9-A56E-A1A440994CD5}.RelWithDebInfo|x64.Build.0 = RelWithDebInfo|x64
		{8F75DB4F-2A67-3DCF-8B8E-871409972464}.Debug|x64.ActiveCfg = Debug|x64
		{8F75DB4F-2A67-3DCF-8B8E-871409972464}.Debug|x64.Build.0 = Debug|x64
		{8F75DB4F-2A67-3DCF-8B8E-871409972464}.Release|x64.ActiveCfg = Release|x64
		{8F75DB4F-2A67-3DCF-8B8E-871409972464}.Release|x64.Build.0 = Release|x64
		{8F75DB4F-2A67-3DCF-8B8E-871409972464}.MinSizeRel|x64.ActiveCfg = MinSizeRel|x64
		{8F75DB4F-2A67-3DCF-8B8E-871409972464}.MinSizeRel|x64.Build.0 = MinSizeRel|x64
		{8F75DB4F-2A67-3DCF-8B8E-871409972464}.RelWithDebInfo|x64.ActiveCfg = RelWithDebInfo|x64
		{8F75DB4F-2A67-3DCF-8B8E-871409972464}.RelWithDebInfo|x64.Build.0 = RelWithDebInfo|x64
		{0DA0DC3A-FDF7-321D-BAB3-8073981A08CD}.Debug|x64.ActiveCfg = Debug|x64
		{0DA0DC3A-FDF7-321D-BAB3-8073981A08CD}.Debug|x64.Build.0 = Debug|x64
		{0DA0DC3A-FDF7-321D-BAB3-8073981A08CD}.Release|x64.ActiveCfg = Release|x64
		{0DA0DC3A-FDF7-321D-BAB3-8073981A08CD}.Release|x64.Build.0 = Release|x64
		{0DA0DC3A-FDF7-321D-BAB3-8073981A08CD}.MinSizeRel|x64.ActiveCfg = MinSizeRel|x64
		{0DA0DC3A-FDF7-321D-BAB3-8073981A08CD}.MinSizeRel|x64.Build.0 = MinSizeRel|x64
		{0DA0DC3A-FDF7-321D-BAB3-8073981A08CD}.RelWithDebInfo|x64.ActiveCfg = RelWithDebInfo|x64
		{0DA0DC3A-FDF7-321D-BAB3-8073981A08CD}.RelWithDebInfo|x64.Build.0 = RelWithDebInfo|x64
		{3DD27315-144E-3699-A4FF-4C99A41FF61E}.Debug|x64.ActiveCfg = Debug|x64
		{3DD27315-144E-3699-A4FF-4C99A41FF61E}.Debug|x64.Build.0 = Debug|x64
		{3DD27315-144E-3699-A4FF-4C99A41FF61E}.Release|x64.ActiveCfg = Release|x64
		{3DD27315-144E-3699-A4FF-4C99A41FF61E}.Release|x64.Build.0 = Release|x64
		{3DD27315-144E-3699-A4FF-4C99A41FF61E}.MinSizeRel|x64.ActiveCfg = MinSizeRel|x64
		{3DD27315-144E-3699-A4FF-4C99A41FF61E}.MinSizeRel|x64.Build.0 = MinSizeRel|x64
		{3DD27315-144E-3699-A4FF-4C99A41FF61E}.RelWithDebInfo|x64.ActiveCfg = RelWithDebInfo|x64
		{3DD27315-144E-3699-A4FF-4C99A41FF61E}.RelWithDebInfo|x64.Build.0 = RelWithDebInfo|x64
		{45DA8748-83C7-3D56-A1D3-F3694FA2C434}.Debug|x64.ActiveCfg = Debug|x64
		{45DA8748-83C7-3D56-A1D3-F3694FA2C434}.Debug|x64.Build.0 = Debug|x64
		{45DA8748-83C7-3D56-A1D3-F3694FA2C434}.Release|x64.ActiveCfg = Release|x64
		{45DA8748-83C7-3D56-A1D3-F3694FA2C434}.Release|x64.Build.0 = Release|x64
		{45DA8748-83C7-3D56-A1D3-F3694FA2C434}.MinSizeRel|x64.ActiveCfg = MinSizeRel|x64
		{45DA8748-83C7-3D56-A1D3-F3694FA2C434}.MinSizeRel|x64.Build.0 = MinSizeRel|x64
		{45DA8748-83C7-3D56-A1D3-F3694FA2C434}.RelWithDebInfo|x64.ActiveCfg = RelWithDebInfo|x64
		{45DA8748-83C7-3D56-A1D3-F3694FA2C434}.RelWithDebInfo|x64.Build.0 = RelWithDebInfo|x64
		{383343E8-F9AE-3839-9AE2-0C0382A6A4F1}.Debug|x64.ActiveCfg = Debug|x64
		{383343E8-F9AE-3839-9AE2-0C0382A6A4F1}.Debug|x64.Build.0 = Debug|x64
		{383343E8-F9AE-3839-9AE2-0C0382A6A4F1}.Release|x64.ActiveCfg = Release|x64
		{383343E8-F9AE-3839-9AE2-0C0382A6A4F1}.Release|x64.Build.0 = Release|x64
		{383343E8-F9AE-3839-9AE2-0C0382A6A4F1}.MinSizeRel|x64.ActiveCfg = MinSizeRel|x64
		{383343E8-F9AE-3839-9AE2-0C0382A6A4F1}.MinSizeRel|x64.Build.0 = MinSizeRel|x64
		{383343E8-F9AE-3839-9AE2-0C0382A6A4F1}.RelWithDebInfo|x64.ActiveCfg = RelWithDebInfo|x64
		{383343E8-F9AE-3839-9AE2-0C0382A6A4F1}.RelWithDebInfo|x64.Build.0 = RelWithDebInfo|x64
		{A2316356-A85D-3FA4-B7D3-16726A1A8567}.Debug|x64.ActiveCfg = Debug|x64
		{A2316356-A85D-3FA4-B7D3-16726A1A8567}.Debug|x64.Build.0 = Debug|x64
		{A2316356-A85D-3FA4-B7D3-16726A1A8567}.Release|x64.ActiveCfg = Release|x64
		{A2316356-A85D-3FA4-B7D3-16726A1A8567}.Release|x64.Build.0 = Release|x64
		{A2316356-A85D-3FA4-B7D3-16726A1A8567}.MinSizeRel|x64.ActiveCfg = MinSizeRel|x64
		{A2316356-A85D-3FA4-B7D3-16726A1A8567}.MinSizeRel|x64.Build.0 = MinSizeRel|x64
		{A2316356-A85D-3FA4-B7D3-16726A1A8567}.RelWithDebInfo|x64.ActiveCfg = RelWithDebInfo|x64
		{A2316356-A85D-3FA4-B7D3-16726A1A8567}.RelWithDebInfo|x64.Build.0 = RelWithDebInfo|x64
		{18E0A66B-FC6B-3083-B033-B62CC31472DA}.Debug|x64.ActiveCfg = Debug|x64
		{18E0A66B-FC6B-3083-B033-B62CC31472DA}.Debug|x64.Build.0 = Debug|x64
		{18E0A66B-FC6B-3083-B033-B62CC31472DA}.Release|x64.ActiveCfg = Release|x64
		{18E0A66B-FC6B-3083-B033-B62CC31472DA}.Release|x64.Build.0 = Release|x64
		{18E0A66B-FC6B-3083-B033-B62CC31472DA}.MinSizeRel|x64.ActiveCfg = MinSizeRel|x64
		{18E0A66B-FC6B-3083-B033-B62CC31472DA}.MinSizeRel|x64.Build.0 = MinSizeRel|x64
		{18E0A66B-FC6B-3083-B033-B62CC31472DA}.RelWithDebInfo|x64.ActiveCfg = RelWithDebInfo|x64
		{18E0A66B-FC6B-3083-B033-B62CC31472DA}.RelWithDebInfo|x64.Build.0 = RelWithDebInfo|x64
		{35EEBCFD-DB21-3EFE-BD6C-E5D14DD8B934}.Debug|x64.ActiveCfg = Debug|x64
		{35EEBCFD-DB21-3EFE-BD6C-E5D14DD8B934}.Debug|x64.Build.0 = Debug|x64
		{35EEBCFD-DB21-3EFE-BD6C-E5D14DD8B934}.Release|x64.ActiveCfg = Release|x64
		{35EEBCFD-DB21-3EFE-BD6C-E5D14DD8B934}.Release|x64.Build.0 = Release|x64
		{35EEBCFD-DB21-3EFE-BD6C-E5D14DD8B934}.MinSizeRel|x64.ActiveCfg = MinSizeRel|x64
		{35EEBCFD-DB21-3EFE-BD6C-E5D14DD8B934}.MinSizeRel|x64.Build.0 = MinSizeRel|x64
		{35EEBCFD-DB21-3EFE-BD6C-E5D14DD8B934}.RelWithDebInfo|x64.ActiveCfg = RelWithDebInfo|x64
		{35EEBCFD-DB21-3EFE-BD6C-E5D14DD8B934}.RelWithDebInfo|x64.Build.0 = RelWithDebInfo|x64
		{160AA073-5F48-31B1-B0FB-0D359797771D}.Debug|x64.ActiveCfg = Debug|x64
		{160AA073-5F48-31B1-B0FB-0D359797771D}.Debug|x64.Build.0 = Debug|x64
		{160AA073-5F48-31B1-B0FB-0D359797771D}.Release|x64.ActiveCfg = Release|x64
		{160AA073-5F48-31B1-B0FB-0D359797771D}.Release|x64.Build.0 = Release|x64
		{160AA073-5F48-31B1-B0FB-0D359797771D}.MinSizeRel|x64.ActiveCfg = MinSizeRel|x64
		{160AA073-5F48-31B1-B0FB-0D359797771D}.MinSizeRel|x64.Build.0 = MinSizeRel|x64
		{160AA073-5F48-31B1-B0FB-0D359797771D}.RelWithDebInfo|x64.ActiveCfg = RelWithDebInfo|x64
		{160AA073-5F48-31B1-B0FB-0D359797771D}.RelWithDebInfo|x64.Build.0 = RelWithDebInfo|x64
		{EE06B2AB-3A82-3AAF-A591-FE7ABCAC26BE}.Debug|x64.ActiveCfg = Debug|x64
		{EE06B2AB-3A82-3AAF-A591-FE7ABCAC26BE}.Debug|x64.Build.0 = Debug|x64
		{EE06B2AB-3A82-3AAF-A591-FE7ABCAC26BE}.Release|x64.ActiveCfg = Release|x64
		{EE06B2AB-3A82-3AAF-A591-FE7ABCAC26BE}.Release|x64.Build.0 = Release|x64
		{EE06B2AB-3A82-3AAF-A591-FE7ABCAC26BE}.MinSizeRel|x64.ActiveCfg = MinSizeRel|x64
		{EE06B2AB-3A82-3AAF-A591-FE7ABCAC26BE}.MinSizeRel|x64.Build.0 = MinSizeRel|x64
		{EE06B2AB-3A82-3AAF-A591-FE7ABCAC26BE}.RelWithDebInfo|x64.ActiveCfg = RelWithDebInfo|x64
		{EE06B2AB-3A82-3AAF-A591-FE7ABCAC26BE}.RelWithDebInfo|x64.Build.0 = RelWithDebInfo|x64
		{B23D6118-56A3-32C9-A8A2-C19F0B12A9E1}.Debug|x64.ActiveCfg = Debug|x64
		{B23D6118-56A3-32C9-A8A2-C19F0B12A9E1}.Debug|x64.Build.0 = Debug|x64
		{B23D6118-56A3-32C9-A8A2-C19F0B12A9E1}.Release|x64.ActiveCfg = Release|x64
		{B23D6118-56A3-32C9-A8A2-C19F0B12A9E1}.Release|x64.Build.0 = Release|x64
		{B23D6118-56A3-32C9-A8A2-C19F0B12A9E1}.MinSizeRel|x64.ActiveCfg = MinSizeRel|x64
		{B23D6118-56A3-32C9-A8A2-C19F0B12A9E1}.MinSizeRel|x64.Build.0 = MinSizeRel|x64
		{B23D6118-56A3-32C9-A8A2-C19F0B12A9E1}.RelWithDebInfo|x64.ActiveCfg = RelWithDebInfo|x64
		{B23D6118-56A3-32C9-A8A2-C19F0B12A9E1}.RelWithDebInfo|x64.Build.0 = RelWithDebInfo|x64
		{2DC39413-5FF6-3091-9DE0-16408C682915}.Debug|x64.ActiveCfg = Debug|x64
		{2DC39413-5FF6-3091-9DE0-16408C682915}.Release|x64.ActiveCfg = Release|x64
		{2DC39413-5FF6-3091-9DE0-16408C682915}.MinSizeRel|x64.ActiveCfg = MinSizeRel|x64
		{2DC39413-5FF6-3091-9DE0-16408C682915}.RelWithDebInfo|x64.ActiveCfg = RelWithDebInfo|x64
	EndGlobalSection
	GlobalSection(NestedProjects) = preSolution
		{1440057E-67E5-3A49-9DFB-7CF923E8CFF4} = {93C942A8-87B5-3F56-A188-B22E9512B525}
		{60537E94-F80B-35FF-99FF-DD8327DE7C4F} = {93C942A8-87B5-3F56-A188-B22E9512B525}
		{D0664509-8329-30D5-BD07-11FE934198E8} = {93C942A8-87B5-3F56-A188-B22E9512B525}
		{4E7484D3-BBC8-349C-8467-9C55BCCEA65F} = {93C942A8-87B5-3F56-A188-B22E9512B525}
		{2DC39413-5FF6-3091-9DE0-16408C682915} = {93C942A8-87B5-3F56-A188-B22E9512B525}
		{DDA80BA2-FD30-3CF3-8600-0FFF3C59288F} = {F78B592B-F46C-3EF5-8473-12507FF28443}
		{A55CF07A-D211-3FAC-AA8F-29F2186BF344} = {F78B592B-F46C-3EF5-8473-12507FF28443}
		{44F911FB-61C6-31B8-AAE4-85744E093999} = {F78B592B-F46C-3EF5-8473-12507FF28443}
		{1FE8E257-AE97-3683-B74A-704BB867B89B} = {F78B592B-F46C-3EF5-8473-12507FF28443}
		{8F75DB4F-2A67-3DCF-8B8E-871409972464} = {F78B592B-F46C-3EF5-8473-12507FF28443}
		{0DA0DC3A-FDF7-321D-BAB3-8073981A08CD} = {F78B592B-F46C-3EF5-8473-12507FF28443}
		{3DD27315-144E-3699-A4FF-4C99A41FF61E} = {F78B592B-F46C-3EF5-8473-12507FF28443}
		{45DA8748-83C7-3D56-A1D3-F3694FA2C434} = {F78B592B-F46C-3EF5-8473-12507FF28443}
		{2665AC50-6F3D-3521-BE37-C23D6E464940} = {E5FE3148-078B-3C89-8E1F-ADDFBA31FBD4}
		{031F269F-F0BC-3B8B-9B68-8E93146E1BCD} = {E5FE3148-078B-3C89-8E1F-ADDFBA31FBD4}
		{C2C6DBAF-DFA4-3220-87CF-E4428C87417F} = {E5FE3148-078B-3C89-8E1F-ADDFBA31FBD4}
		{4F5D83D9-273F-3D58-9929-FC4B6265EEC6} = {E5FE3148-078B-3C89-8E1F-ADDFBA31FBD4}
		{C1FCAD5B-C4A8-3C55-BB39-EBF24464AEB5} = {E5FE3148-078B-3C89-8E1F-ADDFBA31FBD4}
		{F334D2D9-67A2-3255-AD21-F53A5C5B8077} = {E5FE3148-078B-3C89-8E1F-ADDFBA31FBD4}
		{AB6A55A6-6E8E-34B9-A56E-A1A440994CD5} = {E5FE3148-078B-3C89-8E1F-ADDFBA31FBD4}
		{383343E8-F9AE-3839-9AE2-0C0382A6A4F1} = {E5FE3148-078B-3C89-8E1F-ADDFBA31FBD4}
		{B23D6118-56A3-32C9-A8A2-C19F0B12A9E1} = {E5FE3148-078B-3C89-8E1F-ADDFBA31FBD4}
		{4D23E01C-654C-3E37-BB41-61634E1BAE88} = {C36BB5F8-7911-3FBC-9622-71C3ED46CEC2}
		{160AA073-5F48-31B1-B0FB-0D359797771D} = {667B5DCE-A974-3707-AFFC-217093AD85E8}
	EndGlobalSection
	GlobalSection(ExtensibilityGlobals) = postSolution
		SolutionGuid = {53E45949-5376-3715-87A4-F67A46F6DA69}
	EndGlobalSection
	GlobalSection(ExtensibilityAddIns) = postSolution
	EndGlobalSection
EndGlobal
