<?xml version="1.0" encoding="UTF-8"?>
<Project ToolsVersion="15.0" xmlns="http://schemas.microsoft.com/developer/msbuild/2003">
  <ItemGroup>
    <CustomBuild Include="D:\Dev\s2client-api\build\CMakeFiles\471cc51f5217434f985bbb30ed6a88de\generate.stamp.rule">
      <Filter>CMake Rules</Filter>
    </CustomBuild>
  </ItemGroup>
  <ItemGroup>
    <Filter Include="CMake Rules">
      <UniqueIdentifier>{8FA7C5DA-E08C-3478-BDE9-92B3AC42D90F}</UniqueIdentifier>
    </Filter>
  </ItemGroup>
</Project>
