Microsoft Visual Studio Solution File, Format Version 12.00
# Visual Studio 15
Project("{2150E333-8FDC-42A3-9474-1A3956D46DE8}") = "CMakePredefinedTargets", "CMakePredefinedTargets", "{93C942A8-87B5-3F56-A188-B22E9512B525}"
EndProject
Project("{2150E333-8FDC-42A3-9474-1A3956D46DE8}") = "contrib", "contrib", "{F78B592B-F46C-3EF5-8473-12507FF28443}"
EndProject
Project("{8BC9CEB8-8B4A-11D0-8D11-00A0C91BC942}") = "ALL_BUILD", "ALL_BUILD.vcxproj", "{1440057E-67E5-3A49-9DFB-7CF923E8CFF4}"
	ProjectSection(ProjectDependencies) = postProject
		{DDA80BA2-FD30-3CF3-8600-0FFF3C59288F} = {DDA80BA2-FD30-3CF3-8600-0FFF3C59288F}
		{A55CF07A-D211-3FAC-AA8F-29F2186BF344} = {A55CF07A-D211-3FAC-AA8F-29F2186BF344}
		{4E7484D3-BBC8-349C-8467-9C55BCCEA65F} = {4E7484D3-BBC8-349C-8467-9C55BCCEA65F}
	EndProjectSection
EndProject
Project("{8BC9CEB8-8B4A-11D0-8D11-00A0C91BC942}") = "INSTALL", "INSTALL.vcxproj", "{60537E94-F80B-35FF-99FF-DD8327DE7C4F}"
	ProjectSection(ProjectDependencies) = postProject
		{1440057E-67E5-3A49-9DFB-7CF923E8CFF4} = {1440057E-67E5-3A49-9DFB-7CF923E8CFF4}
		{4E7484D3-BBC8-349C-8467-9C55BCCEA65F} = {4E7484D3-BBC8-349C-8467-9C55BCCEA65F}
	EndProjectSection
EndProject
Project("{8BC9CEB8-8B4A-11D0-8D11-00A0C91BC942}") = "PACKAGE", "PACKAGE.vcxproj", "{D0664509-8329-30D5-BD07-11FE934198E8}"
	ProjectSection(ProjectDependencies) = postProject
		{1440057E-67E5-3A49-9DFB-7CF923E8CFF4} = {1440057E-67E5-3A49-9DFB-7CF923E8CFF4}
		{4E7484D3-BBC8-349C-8467-9C55BCCEA65F} = {4E7484D3-BBC8-349C-8467-9C55BCCEA65F}
	EndProjectSection
EndProject
Project("{8BC9CEB8-8B4A-11D0-8D11-00A0C91BC942}") = "SDL2-static", "SDL2-static.vcxproj", "{DDA80BA2-FD30-3CF3-8600-0FFF3C59288F}"
	ProjectSection(ProjectDependencies) = postProject
		{4E7484D3-BBC8-349C-8467-9C55BCCEA65F} = {4E7484D3-BBC8-349C-8467-9C55BCCEA65F}
	EndProjectSection
EndProject
Project("{8BC9CEB8-8B4A-11D0-8D11-00A0C91BC942}") = "SDL2main", "SDL2main.vcxproj", "{A55CF07A-D211-3FAC-AA8F-29F2186BF344}"
	ProjectSection(ProjectDependencies) = postProject
		{4E7484D3-BBC8-349C-8467-9C55BCCEA65F} = {4E7484D3-BBC8-349C-8467-9C55BCCEA65F}
	EndProjectSection
EndProject
Project("{8BC9CEB8-8B4A-11D0-8D11-00A0C91BC942}") = "ZERO_CHECK", "..\..\\ZERO_CHECK.vcxproj", "{4E7484D3-BBC8-349C-8467-9C55BCCEA65F}"
	ProjectSection(ProjectDependencies) = postProject
	EndProjectSection
EndProject
Project("{8BC9CEB8-8B4A-11D0-8D11-00A0C91BC942}") = "uninstall", "uninstall.vcxproj", "{2DC39413-5FF6-3091-9DE0-16408C682915}"
	ProjectSection(ProjectDependencies) = postProject
		{4E7484D3-BBC8-349C-8467-9C55BCCEA65F} = {4E7484D3-BBC8-349C-8467-9C55BCCEA65F}
	EndProjectSection
EndProject
Global
	GlobalSection(SolutionConfigurationPlatforms) = preSolution
		Debug|x64 = Debug|x64
		Release|x64 = Release|x64
		MinSizeRel|x64 = MinSizeRel|x64
		RelWithDebInfo|x64 = RelWithDebInfo|x64
	EndGlobalSection
	GlobalSection(ProjectConfigurationPlatforms) = postSolution
		{1440057E-67E5-3A49-9DFB-7CF923E8CFF4}.Debug|x64.ActiveCfg = Debug|x64
		{1440057E-67E5-3A49-9DFB-7CF923E8CFF4}.Debug|x64.Build.0 = Debug|x64
		{1440057E-67E5-3A49-9DFB-7CF923E8CFF4}.Release|x64.ActiveCfg = Release|x64
		{1440057E-67E5-3A49-9DFB-7CF923E8CFF4}.Release|x64.Build.0 = Release|x64
		{1440057E-67E5-3A49-9DFB-7CF923E8CFF4}.MinSizeRel|x64.ActiveCfg = MinSizeRel|x64
		{1440057E-67E5-3A49-9DFB-7CF923E8CFF4}.MinSizeRel|x64.Build.0 = MinSizeRel|x64
		{1440057E-67E5-3A49-9DFB-7CF923E8CFF4}.RelWithDebInfo|x64.ActiveCfg = RelWithDebInfo|x64
		{1440057E-67E5-3A49-9DFB-7CF923E8CFF4}.RelWithDebInfo|x64.Build.0 = RelWithDebInfo|x64
		{60537E94-F80B-35FF-99FF-DD8327DE7C4F}.Debug|x64.ActiveCfg = Debug|x64
		{60537E94-F80B-35FF-99FF-DD8327DE7C4F}.Release|x64.ActiveCfg = Release|x64
		{60537E94-F80B-35FF-99FF-DD8327DE7C4F}.MinSizeRel|x64.ActiveCfg = MinSizeRel|x64
		{60537E94-F80B-35FF-99FF-DD8327DE7C4F}.RelWithDebInfo|x64.ActiveCfg = RelWithDebInfo|x64
		{D0664509-8329-30D5-BD07-11FE934198E8}.Debug|x64.ActiveCfg = Debug|x64
		{D0664509-8329-30D5-BD07-11FE934198E8}.Release|x64.ActiveCfg = Release|x64
		{D0664509-8329-30D5-BD07-11FE934198E8}.MinSizeRel|x64.ActiveCfg = MinSizeRel|x64
		{D0664509-8329-30D5-BD07-11FE934198E8}.RelWithDebInfo|x64.ActiveCfg = RelWithDebInfo|x64
		{DDA80BA2-FD30-3CF3-8600-0FFF3C59288F}.Debug|x64.ActiveCfg = Debug|x64
		{DDA80BA2-FD30-3CF3-8600-0FFF3C59288F}.Debug|x64.Build.0 = Debug|x64
		{DDA80BA2-FD30-3CF3-8600-0FFF3C59288F}.Release|x64.ActiveCfg = Release|x64
		{DDA80BA2-FD30-3CF3-8600-0FFF3C59288F}.Release|x64.Build.0 = Release|x64
		{DDA80BA2-FD30-3CF3-8600-0FFF3C59288F}.MinSizeRel|x64.ActiveCfg = MinSizeRel|x64
		{DDA80BA2-FD30-3CF3-8600-0FFF3C59288F}.MinSizeRel|x64.Build.0 = MinSizeRel|x64
		{DDA80BA2-FD30-3CF3-8600-0FFF3C59288F}.RelWithDebInfo|x64.ActiveCfg = RelWithDebInfo|x64
		{DDA80BA2-FD30-3CF3-8600-0FFF3C59288F}.RelWithDebInfo|x64.Build.0 = RelWithDebInfo|x64
		{A55CF07A-D211-3FAC-AA8F-29F2186BF344}.Debug|x64.ActiveCfg = Debug|x64
		{A55CF07A-D211-3FAC-AA8F-29F2186BF344}.Debug|x64.Build.0 = Debug|x64
		{A55CF07A-D211-3FAC-AA8F-29F2186BF344}.Release|x64.ActiveCfg = Release|x64
		{A55CF07A-D211-3FAC-AA8F-29F2186BF344}.Release|x64.Build.0 = Release|x64
		{A55CF07A-D211-3FAC-AA8F-29F2186BF344}.MinSizeRel|x64.ActiveCfg = MinSizeRel|x64
		{A55CF07A-D211-3FAC-AA8F-29F2186BF344}.MinSizeRel|x64.Build.0 = MinSizeRel|x64
		{A55CF07A-D211-3FAC-AA8F-29F2186BF344}.RelWithDebInfo|x64.ActiveCfg = RelWithDebInfo|x64
		{A55CF07A-D211-3FAC-AA8F-29F2186BF344}.RelWithDebInfo|x64.Build.0 = RelWithDebInfo|x64
		{4E7484D3-BBC8-349C-8467-9C55BCCEA65F}.Debug|x64.ActiveCfg = Debug|x64
		{4E7484D3-BBC8-349C-8467-9C55BCCEA65F}.Debug|x64.Build.0 = Debug|x64
		{4E7484D3-BBC8-349C-8467-9C55BCCEA65F}.Release|x64.ActiveCfg = Release|x64
		{4E7484D3-BBC8-349C-8467-9C55BCCEA65F}.Release|x64.Build.0 = Release|x64
		{4E7484D3-BBC8-349C-8467-9C55BCCEA65F}.MinSizeRel|x64.ActiveCfg = MinSizeRel|x64
		{4E7484D3-BBC8-349C-8467-9C55BCCEA65F}.MinSizeRel|x64.Build.0 = MinSizeRel|x64
		{4E7484D3-BBC8-349C-8467-9C55BCCEA65F}.RelWithDebInfo|x64.ActiveCfg = RelWithDebInfo|x64
		{4E7484D3-BBC8-349C-8467-9C55BCCEA65F}.RelWithDebInfo|x64.Build.0 = RelWithDebInfo|x64
		{2DC39413-5FF6-3091-9DE0-16408C682915}.Debug|x64.ActiveCfg = Debug|x64
		{2DC39413-5FF6-3091-9DE0-16408C682915}.Release|x64.ActiveCfg = Release|x64
		{2DC39413-5FF6-3091-9DE0-16408C682915}.MinSizeRel|x64.ActiveCfg = MinSizeRel|x64
		{2DC39413-5FF6-3091-9DE0-16408C682915}.RelWithDebInfo|x64.ActiveCfg = RelWithDebInfo|x64
	EndGlobalSection
	GlobalSection(NestedProjects) = preSolution
		{1440057E-67E5-3A49-9DFB-7CF923E8CFF4} = {93C942A8-87B5-3F56-A188-B22E9512B525}
		{60537E94-F80B-35FF-99FF-DD8327DE7C4F} = {93C942A8-87B5-3F56-A188-B22E9512B525}
		{D0664509-8329-30D5-BD07-11FE934198E8} = {93C942A8-87B5-3F56-A188-B22E9512B525}
		{4E7484D3-BBC8-349C-8467-9C55BCCEA65F} = {93C942A8-87B5-3F56-A188-B22E9512B525}
		{2DC39413-5FF6-3091-9DE0-16408C682915} = {93C942A8-87B5-3F56-A188-B22E9512B525}
		{DDA80BA2-FD30-3CF3-8600-0FFF3C59288F} = {F78B592B-F46C-3EF5-8473-12507FF28443}
		{A55CF07A-D211-3FAC-AA8F-29F2186BF344} = {F78B592B-F46C-3EF5-8473-12507FF28443}
	EndGlobalSection
	GlobalSection(ExtensibilityGlobals) = postSolution
		SolutionGuid = {B64C5F7B-3E62-346B-B7C3-E48506036894}
	EndGlobalSection
	GlobalSection(ExtensibilityAddIns) = postSolution
	EndGlobalSection
EndGlobal
