<?xml version="1.0" encoding="UTF-8"?>
<Project ToolsVersion="15.0" xmlns="http://schemas.microsoft.com/developer/msbuild/2003">
  <ItemGroup>
    <ClCompile Include="D:\Dev\s2client-api\src\sc2api\sc2_map_info.cpp">
      <Filter>Source Files</Filter>
    </ClCompile>
    <ClCompile Include="D:\Dev\s2client-api\src\sc2api\sc2_action.cc">
      <Filter>Source Files</Filter>
    </ClCompile>
    <ClCompile Include="D:\Dev\s2client-api\src\sc2api\sc2_agent.cc">
      <Filter>Source Files</Filter>
    </ClCompile>
    <ClCompile Include="D:\Dev\s2client-api\src\sc2api\sc2_args.cc">
      <Filter>Source Files</Filter>
    </ClCompile>
    <ClCompile Include="D:\Dev\s2client-api\src\sc2api\sc2_client.cc">
      <Filter>Source Files</Filter>
    </ClCompile>
    <ClCompile Include="D:\Dev\s2client-api\src\sc2api\sc2_common.cc">
      <Filter>Source Files</Filter>
    </ClCompile>
    <ClCompile Include="D:\Dev\s2client-api\src\sc2api\sc2_connection.cc">
      <Filter>Source Files</Filter>
    </ClCompile>
    <ClCompile Include="D:\Dev\s2client-api\src\sc2api\sc2_coordinator.cc">
      <Filter>Source Files</Filter>
    </ClCompile>
    <ClCompile Include="D:\Dev\s2client-api\src\sc2api\sc2_data.cc">
      <Filter>Source Files</Filter>
    </ClCompile>
    <ClCompile Include="D:\Dev\s2client-api\src\sc2api\sc2_game_settings.cc">
      <Filter>Source Files</Filter>
    </ClCompile>
    <ClCompile Include="D:\Dev\s2client-api\src\sc2api\sc2_proto_interface.cc">
      <Filter>Source Files</Filter>
    </ClCompile>
    <ClCompile Include="D:\Dev\s2client-api\src\sc2api\sc2_proto_to_pods.cc">
      <Filter>Source Files</Filter>
    </ClCompile>
    <ClCompile Include="D:\Dev\s2client-api\src\sc2api\sc2_replay_observer.cc">
      <Filter>Source Files</Filter>
    </ClCompile>
    <ClCompile Include="D:\Dev\s2client-api\src\sc2api\sc2_score.cc">
      <Filter>Source Files</Filter>
    </ClCompile>
    <ClCompile Include="D:\Dev\s2client-api\src\sc2api\sc2_typeenums.cc">
      <Filter>Source Files</Filter>
    </ClCompile>
    <ClCompile Include="D:\Dev\s2client-api\src\sc2api\sc2_unit.cc">
      <Filter>Source Files</Filter>
    </ClCompile>
  </ItemGroup>
  <ItemGroup>
    <ClInclude Include="D:\Dev\s2client-api\include\sc2api\sc2_action.h">
      <Filter>Header Files</Filter>
    </ClInclude>
    <ClInclude Include="D:\Dev\s2client-api\include\sc2api\sc2_agent.h">
      <Filter>Header Files</Filter>
    </ClInclude>
    <ClInclude Include="D:\Dev\s2client-api\include\sc2api\sc2_api.h">
      <Filter>Header Files</Filter>
    </ClInclude>
    <ClInclude Include="D:\Dev\s2client-api\include\sc2api\sc2_args.h">
      <Filter>Header Files</Filter>
    </ClInclude>
    <ClInclude Include="D:\Dev\s2client-api\include\sc2api\sc2_client.h">
      <Filter>Header Files</Filter>
    </ClInclude>
    <ClInclude Include="D:\Dev\s2client-api\include\sc2api\sc2_common.h">
      <Filter>Header Files</Filter>
    </ClInclude>
    <ClInclude Include="D:\Dev\s2client-api\include\sc2api\sc2_connection.h">
      <Filter>Header Files</Filter>
    </ClInclude>
    <ClInclude Include="D:\Dev\s2client-api\include\sc2api\sc2_control_interfaces.h">
      <Filter>Header Files</Filter>
    </ClInclude>
    <ClInclude Include="D:\Dev\s2client-api\include\sc2api\sc2_coordinator.h">
      <Filter>Header Files</Filter>
    </ClInclude>
    <ClInclude Include="D:\Dev\s2client-api\include\sc2api\sc2_data.h">
      <Filter>Header Files</Filter>
    </ClInclude>
    <ClInclude Include="D:\Dev\s2client-api\include\sc2api\sc2_game_settings.h">
      <Filter>Header Files</Filter>
    </ClInclude>
    <ClInclude Include="D:\Dev\s2client-api\include\sc2api\sc2_gametypes.h">
      <Filter>Header Files</Filter>
    </ClInclude>
    <ClInclude Include="D:\Dev\s2client-api\include\sc2api\sc2_interfaces.h">
      <Filter>Header Files</Filter>
    </ClInclude>
    <ClInclude Include="D:\Dev\s2client-api\include\sc2api\sc2_map_info.h">
      <Filter>Header Files</Filter>
    </ClInclude>
    <ClInclude Include="D:\Dev\s2client-api\include\sc2api\sc2_proto_interface.h">
      <Filter>Header Files</Filter>
    </ClInclude>
    <ClInclude Include="D:\Dev\s2client-api\include\sc2api\sc2_proto_to_pods.h">
      <Filter>Header Files</Filter>
    </ClInclude>
    <ClInclude Include="D:\Dev\s2client-api\include\sc2api\sc2_replay_observer.h">
      <Filter>Header Files</Filter>
    </ClInclude>
    <ClInclude Include="D:\Dev\s2client-api\include\sc2api\sc2_score.h">
      <Filter>Header Files</Filter>
    </ClInclude>
    <ClInclude Include="D:\Dev\s2client-api\include\sc2api\sc2_typeenums.h">
      <Filter>Header Files</Filter>
    </ClInclude>
    <ClInclude Include="D:\Dev\s2client-api\include\sc2api\sc2_types.h">
      <Filter>Header Files</Filter>
    </ClInclude>
    <ClInclude Include="D:\Dev\s2client-api\include\sc2api\sc2_unit.h">
      <Filter>Header Files</Filter>
    </ClInclude>
  </ItemGroup>
  <ItemGroup>
    <CustomBuild Include="D:\Dev\s2client-api\src\CMakeLists.txt" />
  </ItemGroup>
  <ItemGroup>
    <Filter Include="Source Files">
      <UniqueIdentifier>{03DC2BDF-8B64-3AC7-974B-AE46D9B58684}</UniqueIdentifier>
    </Filter>
    <Filter Include="Header Files">
      <UniqueIdentifier>{441E15F6-F910-3C1B-B659-7117CA809FF8}</UniqueIdentifier>
    </Filter>
  </ItemGroup>
</Project>
